
Microsoft Visual Studio Solution File, Format Version 12.00
# Visual Studio 15
VisualStudioVersion = 15.0.28010.2003
MinimumVisualStudioVersion = 10.0.40219.1
Project("{8BC9CEB8-8B4A-11D0-8D11-00A0C91BC942}") = "Lab 3", "Lab 3\Lab 3.vcxproj", "{95C50655-B57C-45BC-AA94-7072B0BFB4E6}"
EndProject
Global
	GlobalSection(SolutionConfigurationPlatforms) = preSolution
		Debug|x64 = Debug|x64
		Debug|x86 = Debug|x86
		Release|x64 = Release|x64
		Release|x86 = Release|x86
	EndGlobalSection
	GlobalSection(ProjectConfigurationPlatforms) = postSolution
		{95C50655-B57C-45BC-AA94-7072B0BFB4E6}.Debug|x64.ActiveCfg = Debug|x64
		{95C50655-B57C-45BC-AA94-7072B0BFB4E6}.Debug|x64.Build.0 = Debug|x64
		{95C50655-B57C-45BC-AA94-7072B0BFB4E6}.Debug|x86.ActiveCfg = Debug|Win32
		{95C50655-B57C-45BC-AA94-7072B0BFB4E6}.Debug|x86.Build.0 = Debug|Win32
		{95C50655-B57C-45BC-AA94-7072B0BFB4E6}.Release|x64.ActiveCfg = Release|x64
		{95C50655-B57C-45BC-AA94-7072B0BFB4E6}.Release|x64.Build.0 = Release|x64
		{95C50655-B57C-45BC-AA94-7072B0BFB4E6}.Release|x86.ActiveCfg = Release|Win32
		{95C50655-B57C-45BC-AA94-7072B0BFB4E6}.Release|x86.Build.0 = Release|Win32
	EndGlobalSection
	GlobalSection(SolutionProperties) = preSolution
		HideSolutionNode = FALSE
	EndGlobalSection
	GlobalSection(ExtensibilityGlobals) = postSolution
		SolutionGuid = {6CB26CD2-DAD4-4892-9348-18C209749560}
	EndGlobalSection
EndGlobal
